
Microsoft Visual Studio Solution File, Format Version 12.00
# Visual Studio 14
VisualStudioVersion = 14.0.25420.1
MinimumVisualStudioVersion = 10.0.40219.1
Project("{FAE04EC0-301F-11D3-BF4B-00C04F79EFBC}") = "ConsoleApplication", "ConsoleApplication\ConsoleApplication.csproj", "{7B02499E-3368-47DF-8725-C7511A9C8227}"
EndProject
Project("{FAE04EC0-301F-11D3-BF4B-00C04F79EFBC}") = "AStarEngine", "AStarEngine\AStarEngine.csproj", "{378D3C70-0745-4F39-AAB0-083FD93B1EA9}"
EndProject
Project("{FAE04EC0-301F-11D3-BF4B-00C04F79EFBC}") = "UnikonUnityEngine", "UnikonUnityEngine\UnikonUnityEngine.csproj", "{2D94C609-FD77-47EC-880E-38714AB72B9D}"
EndProject
Global
	GlobalSection(SolutionConfigurationPlatforms) = preSolution
		Debug|Any CPU = Debug|Any CPU
		Debug|ARM = Debug|ARM
		Debug|x64 = Debug|x64
		Debug|x86 = Debug|x86
		LINUX|Any CPU = LINUX|Any CPU
		LINUX|ARM = LINUX|ARM
		LINUX|x64 = LINUX|x64
		LINUX|x86 = LINUX|x86
		Release|Any CPU = Release|Any CPU
		Release|ARM = Release|ARM
		Release|x64 = Release|x64
		Release|x86 = Release|x86
		UNITY|Any CPU = UNITY|Any CPU
		UNITY|ARM = UNITY|ARM
		UNITY|x64 = UNITY|x64
		UNITY|x86 = UNITY|x86
	EndGlobalSection
	GlobalSection(ProjectConfigurationPlatforms) = postSolution
		{7B02499E-3368-47DF-8725-C7511A9C8227}.Debug|Any CPU.ActiveCfg = Debug|Any CPU
		{7B02499E-3368-47DF-8725-C7511A9C8227}.Debug|Any CPU.Build.0 = Debug|Any CPU
		{7B02499E-3368-47DF-8725-C7511A9C8227}.Debug|ARM.ActiveCfg = Debug|Any CPU
		{7B02499E-3368-47DF-8725-C7511A9C8227}.Debug|ARM.Build.0 = Debug|Any CPU
		{7B02499E-3368-47DF-8725-C7511A9C8227}.Debug|x64.ActiveCfg = Debug|Any CPU
		{7B02499E-3368-47DF-8725-C7511A9C8227}.Debug|x64.Build.0 = Debug|Any CPU
		{7B02499E-3368-47DF-8725-C7511A9C8227}.Debug|x86.ActiveCfg = Debug|Any CPU
		{7B02499E-3368-47DF-8725-C7511A9C8227}.Debug|x86.Build.0 = Debug|Any CPU
		{7B02499E-3368-47DF-8725-C7511A9C8227}.LINUX|Any CPU.ActiveCfg = LINUX|Any CPU
		{7B02499E-3368-47DF-8725-C7511A9C8227}.LINUX|Any CPU.Build.0 = LINUX|Any CPU
		{7B02499E-3368-47DF-8725-C7511A9C8227}.LINUX|ARM.ActiveCfg = LINUX|Any CPU
		{7B02499E-3368-47DF-8725-C7511A9C8227}.LINUX|ARM.Build.0 = LINUX|Any CPU
		{7B02499E-3368-47DF-8725-C7511A9C8227}.LINUX|x64.ActiveCfg = LINUX|Any CPU
		{7B02499E-3368-47DF-8725-C7511A9C8227}.LINUX|x64.Build.0 = LINUX|Any CPU
		{7B02499E-3368-47DF-8725-C7511A9C8227}.LINUX|x86.ActiveCfg = LINUX|Any CPU
		{7B02499E-3368-47DF-8725-C7511A9C8227}.LINUX|x86.Build.0 = LINUX|Any CPU
		{7B02499E-3368-47DF-8725-C7511A9C8227}.Release|Any CPU.ActiveCfg = Release|Any CPU
		{7B02499E-3368-47DF-8725-C7511A9C8227}.Release|Any CPU.Build.0 = Release|Any CPU
		{7B02499E-3368-47DF-8725-C7511A9C8227}.Release|ARM.ActiveCfg = Release|Any CPU
		{7B02499E-3368-47DF-8725-C7511A9C8227}.Release|ARM.Build.0 = Release|Any CPU
		{7B02499E-3368-47DF-8725-C7511A9C8227}.Release|x64.ActiveCfg = Release|Any CPU
		{7B02499E-3368-47DF-8725-C7511A9C8227}.Release|x64.Build.0 = Release|Any CPU
		{7B02499E-3368-47DF-8725-C7511A9C8227}.Release|x86.ActiveCfg = Release|Any CPU
		{7B02499E-3368-47DF-8725-C7511A9C8227}.Release|x86.Build.0 = Release|Any CPU
		{7B02499E-3368-47DF-8725-C7511A9C8227}.UNITY|Any CPU.ActiveCfg = UNITY|Any CPU
		{7B02499E-3368-47DF-8725-C7511A9C8227}.UNITY|Any CPU.Build.0 = UNITY|Any CPU
		{7B02499E-3368-47DF-8725-C7511A9C8227}.UNITY|ARM.ActiveCfg = UNITY|Any CPU
		{7B02499E-3368-47DF-8725-C7511A9C8227}.UNITY|ARM.Build.0 = UNITY|Any CPU
		{7B02499E-3368-47DF-8725-C7511A9C8227}.UNITY|x64.ActiveCfg = UNITY|Any CPU
		{7B02499E-3368-47DF-8725-C7511A9C8227}.UNITY|x64.Build.0 = UNITY|Any CPU
		{7B02499E-3368-47DF-8725-C7511A9C8227}.UNITY|x86.ActiveCfg = UNITY|Any CPU
		{7B02499E-3368-47DF-8725-C7511A9C8227}.UNITY|x86.Build.0 = UNITY|Any CPU
		{378D3C70-0745-4F39-AAB0-083FD93B1EA9}.Debug|Any CPU.ActiveCfg = Debug|Any CPU
		{378D3C70-0745-4F39-AAB0-083FD93B1EA9}.Debug|Any CPU.Build.0 = Debug|Any CPU
		{378D3C70-0745-4F39-AAB0-083FD93B1EA9}.Debug|ARM.ActiveCfg = Debug|Any CPU
		{378D3C70-0745-4F39-AAB0-083FD93B1EA9}.Debug|ARM.Build.0 = Debug|Any CPU
		{378D3C70-0745-4F39-AAB0-083FD93B1EA9}.Debug|x64.ActiveCfg = Debug|Any CPU
		{378D3C70-0745-4F39-AAB0-083FD93B1EA9}.Debug|x64.Build.0 = Debug|Any CPU
		{378D3C70-0745-4F39-AAB0-083FD93B1EA9}.Debug|x86.ActiveCfg = Debug|Any CPU
		{378D3C70-0745-4F39-AAB0-083FD93B1EA9}.Debug|x86.Build.0 = Debug|Any CPU
		{378D3C70-0745-4F39-AAB0-083FD93B1EA9}.LINUX|Any CPU.ActiveCfg = LINUX|Any CPU
		{378D3C70-0745-4F39-AAB0-083FD93B1EA9}.LINUX|Any CPU.Build.0 = LINUX|Any CPU
		{378D3C70-0745-4F39-AAB0-083FD93B1EA9}.LINUX|ARM.ActiveCfg = LINUX|Any CPU
		{378D3C70-0745-4F39-AAB0-083FD93B1EA9}.LINUX|ARM.Build.0 = LINUX|Any CPU
		{378D3C70-0745-4F39-AAB0-083FD93B1EA9}.LINUX|x64.ActiveCfg = LINUX|Any CPU
		{378D3C70-0745-4F39-AAB0-083FD93B1EA9}.LINUX|x64.Build.0 = LINUX|Any CPU
		{378D3C70-0745-4F39-AAB0-083FD93B1EA9}.LINUX|x86.ActiveCfg = LINUX|Any CPU
		{378D3C70-0745-4F39-AAB0-083FD93B1EA9}.LINUX|x86.Build.0 = LINUX|Any CPU
		{378D3C70-0745-4F39-AAB0-083FD93B1EA9}.Release|Any CPU.ActiveCfg = Release|Any CPU
		{378D3C70-0745-4F39-AAB0-083FD93B1EA9}.Release|Any CPU.Build.0 = Release|Any CPU
		{378D3C70-0745-4F39-AAB0-083FD93B1EA9}.Release|ARM.ActiveCfg = Release|Any CPU
		{378D3C70-0745-4F39-AAB0-083FD93B1EA9}.Release|ARM.Build.0 = Release|Any CPU
		{378D3C70-0745-4F39-AAB0-083FD93B1EA9}.Release|x64.ActiveCfg = Release|Any CPU
		{378D3C70-0745-4F39-AAB0-083FD93B1EA9}.Release|x64.Build.0 = Release|Any CPU
		{378D3C70-0745-4F39-AAB0-083FD93B1EA9}.Release|x86.ActiveCfg = Release|Any CPU
		{378D3C70-0745-4F39-AAB0-083FD93B1EA9}.Release|x86.Build.0 = Release|Any CPU
		{378D3C70-0745-4F39-AAB0-083FD93B1EA9}.UNITY|Any CPU.ActiveCfg = UNITY|Any CPU
		{378D3C70-0745-4F39-AAB0-083FD93B1EA9}.UNITY|Any CPU.Build.0 = UNITY|Any CPU
		{378D3C70-0745-4F39-AAB0-083FD93B1EA9}.UNITY|ARM.ActiveCfg = UNITY|Any CPU
		{378D3C70-0745-4F39-AAB0-083FD93B1EA9}.UNITY|ARM.Build.0 = UNITY|Any CPU
		{378D3C70-0745-4F39-AAB0-083FD93B1EA9}.UNITY|x64.ActiveCfg = UNITY|Any CPU
		{378D3C70-0745-4F39-AAB0-083FD93B1EA9}.UNITY|x64.Build.0 = UNITY|Any CPU
		{378D3C70-0745-4F39-AAB0-083FD93B1EA9}.UNITY|x86.ActiveCfg = UNITY|Any CPU
		{378D3C70-0745-4F39-AAB0-083FD93B1EA9}.UNITY|x86.Build.0 = UNITY|Any CPU
		{2D94C609-FD77-47EC-880E-38714AB72B9D}.Debug|Any CPU.ActiveCfg = Debug|Any CPU
		{2D94C609-FD77-47EC-880E-38714AB72B9D}.Debug|Any CPU.Build.0 = Debug|Any CPU
		{2D94C609-FD77-47EC-880E-38714AB72B9D}.Debug|ARM.ActiveCfg = Debug|Any CPU
		{2D94C609-FD77-47EC-880E-38714AB72B9D}.Debug|ARM.Build.0 = Debug|Any CPU
		{2D94C609-FD77-47EC-880E-38714AB72B9D}.Debug|x64.ActiveCfg = Debug|Any CPU
		{2D94C609-FD77-47EC-880E-38714AB72B9D}.Debug|x64.Build.0 = Debug|Any CPU
		{2D94C609-FD77-47EC-880E-38714AB72B9D}.Debug|x86.ActiveCfg = Debug|Any CPU
		{2D94C609-FD77-47EC-880E-38714AB72B9D}.Debug|x86.Build.0 = Debug|Any CPU
		{2D94C609-FD77-47EC-880E-38714AB72B9D}.LINUX|Any CPU.ActiveCfg = Release|Any CPU
		{2D94C609-FD77-47EC-880E-38714AB72B9D}.LINUX|Any CPU.Build.0 = Release|Any CPU
		{2D94C609-FD77-47EC-880E-38714AB72B9D}.LINUX|ARM.ActiveCfg = Release|Any CPU
		{2D94C609-FD77-47EC-880E-38714AB72B9D}.LINUX|ARM.Build.0 = Release|Any CPU
		{2D94C609-FD77-47EC-880E-38714AB72B9D}.LINUX|x64.ActiveCfg = Release|Any CPU
		{2D94C609-FD77-47EC-880E-38714AB72B9D}.LINUX|x64.Build.0 = Release|Any CPU
		{2D94C609-FD77-47EC-880E-38714AB72B9D}.LINUX|x86.ActiveCfg = Release|Any CPU
		{2D94C609-FD77-47EC-880E-38714AB72B9D}.LINUX|x86.Build.0 = Release|Any CPU
		{2D94C609-FD77-47EC-880E-38714AB72B9D}.Release|Any CPU.ActiveCfg = Release|Any CPU
		{2D94C609-FD77-47EC-880E-38714AB72B9D}.Release|Any CPU.Build.0 = Release|Any CPU
		{2D94C609-FD77-47EC-880E-38714AB72B9D}.Release|ARM.ActiveCfg = Release|Any CPU
		{2D94C609-FD77-47EC-880E-38714AB72B9D}.Release|ARM.Build.0 = Release|Any CPU
		{2D94C609-FD77-47EC-880E-38714AB72B9D}.Release|x64.ActiveCfg = Release|Any CPU
		{2D94C609-FD77-47EC-880E-38714AB72B9D}.Release|x64.Build.0 = Release|Any CPU
		{2D94C609-FD77-47EC-880E-38714AB72B9D}.Release|x86.ActiveCfg = Release|Any CPU
		{2D94C609-FD77-47EC-880E-38714AB72B9D}.Release|x86.Build.0 = Release|Any CPU
		{2D94C609-FD77-47EC-880E-38714AB72B9D}.UNITY|Any CPU.ActiveCfg = Release|Any CPU
		{2D94C609-FD77-47EC-880E-38714AB72B9D}.UNITY|Any CPU.Build.0 = Release|Any CPU
		{2D94C609-FD77-47EC-880E-38714AB72B9D}.UNITY|ARM.ActiveCfg = Release|Any CPU
		{2D94C609-FD77-47EC-880E-38714AB72B9D}.UNITY|ARM.Build.0 = Release|Any CPU
		{2D94C609-FD77-47EC-880E-38714AB72B9D}.UNITY|x64.ActiveCfg = Release|Any CPU
		{2D94C609-FD77-47EC-880E-38714AB72B9D}.UNITY|x64.Build.0 = Release|Any CPU
		{2D94C609-FD77-47EC-880E-38714AB72B9D}.UNITY|x86.ActiveCfg = Release|Any CPU
		{2D94C609-FD77-47EC-880E-38714AB72B9D}.UNITY|x86.Build.0 = Release|Any CPU
	EndGlobalSection
	GlobalSection(SolutionProperties) = preSolution
		HideSolutionNode = FALSE
	EndGlobalSection
EndGlobal
